<?xml version="1.0" encoding="utf-8"?>
<Project ToolsVersion="4.0" xmlns="http://schemas.microsoft.com/developer/msbuild/2003">
  <ItemGroup>
    <Filter Include="Source Files">
      <UniqueIdentifier>{4FC737F1-C7A5-4376-A066-2A32D752A2FF}</UniqueIdentifier>
      <Extensions>cpp;c;cc;cxx;c++;cppm;ixx;def;odl;idl;hpj;bat;asm;asmx</Extensions>
    </Filter>
    <Filter Include="Header Files">
      <UniqueIdentifier>{93995380-89BD-4b04-88EB-625FBE52EBFB}</UniqueIdentifier>
      <Extensions>h;hh;hpp;hxx;h++;hm;inl;inc;ipp;xsd</Extensions>
    </Filter>
    <Filter Include="Resource Files">
      <UniqueIdentifier>{67DA6AB6-F800-4c08-8B7A-83BB121AAD01}</UniqueIdentifier>
      <Extensions>rc;ico;cur;bmp;dlg;rc2;rct;bin;rgs;gif;jpg;jpeg;jpe;resx;tiff;tif;png;wav;mfcribbon-ms</Extensions>
    </Filter>
  </ItemGroup>
  <ItemGroup>
    <ClInclude Include="RSRoot_DX11.h">
      <Filter>Header Files</Filter>
    </ClInclude>
    <ClInclude Include="RSDevices.h">
      <Filter>Header Files</Filter>
    </ClInclude>
    <ClInclude Include="RSPipelinesManager.h">
      <Filter>Header Files</Filter>
    </ClInclude>
    <ClInclude Include="RSTexturesManager.h">
      <Filter>Header Files</Filter>
    </ClInclude>
    <ClInclude Include="RSDrawCallsPool.h">
      <Filter>Header Files</Filter>
    </ClInclude>
    <ClInclude Include="RSStaticResources.h">
      <Filter>Header Files</Filter>
    </ClInclude>
    <ClInclude Include="RSCamera.h">
      <Filter>Header Files</Filter>
    </ClInclude>
    <ClInclude Include="RSLight.h">
      <Filter>Header Files</Filter>
    </ClInclude>
    <ClInclude Include="RSCamerasContainer.h">
      <Filter>Header Files</Filter>
    </ClInclude>
    <ClInclude Include="RSLightsContainer.h">
      <Filter>Header Files</Filter>
    </ClInclude>
    <ClInclude Include="RSMeshHelper.h">
      <Filter>Header Files</Filter>
    </ClInclude>
  </ItemGroup>
  <ItemGroup>
    <ClCompile Include="RSRoot_DX11.cpp">
      <Filter>Source Files</Filter>
    </ClCompile>
    <ClCompile Include="RSDevices.cpp">
      <Filter>Source Files</Filter>
    </ClCompile>
    <ClCompile Include="RSPipelinesManager.cpp">
      <Filter>Source Files</Filter>
    </ClCompile>
    <ClCompile Include="RSTexturesManager.cpp">
      <Filter>Source Files</Filter>
    </ClCompile>
    <ClCompile Include="RSDrawCallsPool.cpp">
      <Filter>Source Files</Filter>
    </ClCompile>
    <ClCompile Include="RSStaticResources.cpp">
      <Filter>Source Files</Filter>
    </ClCompile>
    <ClCompile Include="RSCamera.cpp">
      <Filter>Source Files</Filter>
    </ClCompile>
    <ClCompile Include="RSLight.cpp">
      <Filter>Source Files</Filter>
    </ClCompile>
    <ClCompile Include="RSCamerasContainer.cpp">
      <Filter>Source Files</Filter>
    </ClCompile>
    <ClCompile Include="RSLightsContainer.cpp">
      <Filter>Source Files</Filter>
    </ClCompile>
    <ClCompile Include="RSMeshHelper.cpp">
      <Filter>Source Files</Filter>
    </ClCompile>
  </ItemGroup>
</Project>