<?xml version="1.0" encoding="utf-8"?>
<Project ToolsVersion="4.0" xmlns="http://schemas.microsoft.com/developer/msbuild/2003">
  <ItemGroup>
    <Filter Include="Temp">
      <UniqueIdentifier>{c2ceafb9-d789-4ef6-971b-b2f55c72e18e}</UniqueIdentifier>
    </Filter>
    <Filter Include="Scene">
      <UniqueIdentifier>{da0cea94-1347-442a-826c-fdcade3b8d59}</UniqueIdentifier>
    </Filter>
  </ItemGroup>
  <ItemGroup>
    <ClCompile Include="TempMesh.cpp">
      <Filter>Temp</Filter>
    </ClCompile>
    <ClCompile Include="TempPipeline_Diffuse.cpp">
      <Filter>Temp</Filter>
    </ClCompile>
    <ClCompile Include="TempPipeline_Light.cpp">
      <Filter>Temp</Filter>
    </ClCompile>
    <ClCompile Include="TempRenderConfig.cpp">
      <Filter>Temp</Filter>
    </ClCompile>
    <ClCompile Include="TempTopic_Particle.cpp">
      <Filter>Temp</Filter>
    </ClCompile>
    <ClCompile Include="Scene3D.cpp">
      <Filter>Scene</Filter>
    </ClCompile>
    <ClCompile Include="StartUp.cpp">
      <Filter>Scene</Filter>
    </ClCompile>
  </ItemGroup>
  <ItemGroup>
    <ClInclude Include="TempMesh.h">
      <Filter>Temp</Filter>
    </ClInclude>
    <ClInclude Include="TempPipeline_Diffuse.h">
      <Filter>Temp</Filter>
    </ClInclude>
    <ClInclude Include="TempPipeline_Light.h">
      <Filter>Temp</Filter>
    </ClInclude>
    <ClInclude Include="TempRenderConfig.h">
      <Filter>Temp</Filter>
    </ClInclude>
    <ClInclude Include="TempTopic_Particle.h">
      <Filter>Temp</Filter>
    </ClInclude>
    <ClInclude Include="Scene3D.h">
      <Filter>Scene</Filter>
    </ClInclude>
  </ItemGroup>
</Project>